
Microsoft Visual Studio Solution File, Format Version 12.00
# Visual Studio 2012
Project("{2150E333-8FDC-42A3-9474-1A3956D46DE8}") = "SharedFiles", "SharedFiles", "{81F19DAC-85A9-414F-9110-DFCCE150119E}"
	ProjectSection(SolutionItems) = preProject
		SharedFiles\BohriumSharedAssemblyInfo.cs = SharedFiles\BohriumSharedAssemblyInfo.cs
	EndProjectSection
EndProject
Project("{FAE04EC0-301F-11D3-BF4B-00C04F79EFBC}") = "Bohrium.Core", "src\Bohrium.Core\Bohrium.Core.csproj", "{9475A692-FBDB-46EB-96CF-3DD7C11FB1DD}"
EndProject
Project("{2150E333-8FDC-42A3-9474-1A3956D46DE8}") = "Core", "Core", "{FC309486-9E7D-4F62-B32C-890DFEEC6B5F}"
EndProject
Project("{FAE04EC0-301F-11D3-BF4B-00C04F79EFBC}") = "Bohrium.Core.Test", "test\Bohrium.Core.Test\Bohrium.Core.Test.csproj", "{616D1656-8FB4-4E24-A4FB-67A6A392C4E1}"
EndProject
Project("{2150E333-8FDC-42A3-9474-1A3956D46DE8}") = ".nuget", ".nuget", "{9C256471-5C6B-4350-B847-72AE2B59EF44}"
	ProjectSection(SolutionItems) = preProject
		.nuget\NuGet.Config = .nuget\NuGet.Config
		.nuget\NuGet.exe = .nuget\NuGet.exe
		.nuget\NuGet.targets = .nuget\NuGet.targets
	EndProjectSection
EndProject
Project("{2150E333-8FDC-42A3-9474-1A3956D46DE8}") = "Ext", "Ext", "{63167D4E-A951-4A8B-8159-4FB6C6045FFD}"
EndProject
Project("{2150E333-8FDC-42A3-9474-1A3956D46DE8}") = "Mono", "Mono", "{71717AC0-A988-4D9E-BC4E-6F53F95FE742}"
EndProject
Project("{2150E333-8FDC-42A3-9474-1A3956D46DE8}") = "Cecil", "Cecil", "{605DA524-1F49-4C75-B373-E377A361643A}"
EndProject
Project("{FAE04EC0-301F-11D3-BF4B-00C04F79EFBC}") = "Bohrium.Ext.Mono.Cecil", "src\Bohrium.Ext.Mono.Cecil\Bohrium.Ext.Mono.Cecil.csproj", "{4629ECD6-20FE-40C3-A28A-CA8535E766B9}"
EndProject
Project("{2150E333-8FDC-42A3-9474-1A3956D46DE8}") = "ICSharpCode", "ICSharpCode", "{5B265FB9-A90A-4179-A272-DB3DFA505162}"
EndProject
Project("{2150E333-8FDC-42A3-9474-1A3956D46DE8}") = "ILSpy", "ILSpy", "{8886C9CA-5698-494F-A821-96DB98C0494A}"
EndProject
Project("{FAE04EC0-301F-11D3-BF4B-00C04F79EFBC}") = "Bohrium.Ext.ICSharpCode.ILSpy", "src\Bohrium.Ext.ICSharpCode.ILSpy\Bohrium.Ext.ICSharpCode.ILSpy.csproj", "{AE08F977-8041-459E-AD2A-E3A45625FACC}"
EndProject
Project("{2150E333-8FDC-42A3-9474-1A3956D46DE8}") = ".msbuild", ".msbuild", "{990AE4CD-20EE-4DAB-85A3-5312868FF424}"
	ProjectSection(SolutionItems) = preProject
		Bohrium.msbuild = Bohrium.msbuild
	EndProjectSection
EndProject
Project("{2150E333-8FDC-42A3-9474-1A3956D46DE8}") = ".nuspec", ".nuspec", "{7495102D-A90A-4328-9DA5-22BD142704F5}"
	ProjectSection(SolutionItems) = preProject
		Build\NuspecFiles\Bohrium.Core.nuspec = Build\NuspecFiles\Bohrium.Core.nuspec
	EndProjectSection
EndProject
Global
	GlobalSection(SolutionConfigurationPlatforms) = preSolution
		Debug|Any CPU = Debug|Any CPU
		Release|Any CPU = Release|Any CPU
	EndGlobalSection
	GlobalSection(ProjectConfigurationPlatforms) = postSolution
		{9475A692-FBDB-46EB-96CF-3DD7C11FB1DD}.Debug|Any CPU.ActiveCfg = Debug|Any CPU
		{9475A692-FBDB-46EB-96CF-3DD7C11FB1DD}.Debug|Any CPU.Build.0 = Debug|Any CPU
		{9475A692-FBDB-46EB-96CF-3DD7C11FB1DD}.Release|Any CPU.ActiveCfg = Release|Any CPU
		{9475A692-FBDB-46EB-96CF-3DD7C11FB1DD}.Release|Any CPU.Build.0 = Release|Any CPU
		{616D1656-8FB4-4E24-A4FB-67A6A392C4E1}.Debug|Any CPU.ActiveCfg = Debug|Any CPU
		{616D1656-8FB4-4E24-A4FB-67A6A392C4E1}.Debug|Any CPU.Build.0 = Debug|Any CPU
		{616D1656-8FB4-4E24-A4FB-67A6A392C4E1}.Release|Any CPU.ActiveCfg = Release|Any CPU
		{616D1656-8FB4-4E24-A4FB-67A6A392C4E1}.Release|Any CPU.Build.0 = Release|Any CPU
		{4629ECD6-20FE-40C3-A28A-CA8535E766B9}.Debug|Any CPU.ActiveCfg = Debug|Any CPU
		{4629ECD6-20FE-40C3-A28A-CA8535E766B9}.Debug|Any CPU.Build.0 = Debug|Any CPU
		{4629ECD6-20FE-40C3-A28A-CA8535E766B9}.Release|Any CPU.ActiveCfg = Release|Any CPU
		{4629ECD6-20FE-40C3-A28A-CA8535E766B9}.Release|Any CPU.Build.0 = Release|Any CPU
		{AE08F977-8041-459E-AD2A-E3A45625FACC}.Debug|Any CPU.ActiveCfg = Debug|Any CPU
		{AE08F977-8041-459E-AD2A-E3A45625FACC}.Debug|Any CPU.Build.0 = Debug|Any CPU
		{AE08F977-8041-459E-AD2A-E3A45625FACC}.Release|Any CPU.ActiveCfg = Release|Any CPU
		{AE08F977-8041-459E-AD2A-E3A45625FACC}.Release|Any CPU.Build.0 = Release|Any CPU
	EndGlobalSection
	GlobalSection(SolutionProperties) = preSolution
		HideSolutionNode = FALSE
	EndGlobalSection
	GlobalSection(NestedProjects) = preSolution
		{9475A692-FBDB-46EB-96CF-3DD7C11FB1DD} = {FC309486-9E7D-4F62-B32C-890DFEEC6B5F}
		{616D1656-8FB4-4E24-A4FB-67A6A392C4E1} = {FC309486-9E7D-4F62-B32C-890DFEEC6B5F}
		{71717AC0-A988-4D9E-BC4E-6F53F95FE742} = {63167D4E-A951-4A8B-8159-4FB6C6045FFD}
		{5B265FB9-A90A-4179-A272-DB3DFA505162} = {63167D4E-A951-4A8B-8159-4FB6C6045FFD}
		{605DA524-1F49-4C75-B373-E377A361643A} = {71717AC0-A988-4D9E-BC4E-6F53F95FE742}
		{4629ECD6-20FE-40C3-A28A-CA8535E766B9} = {605DA524-1F49-4C75-B373-E377A361643A}
		{8886C9CA-5698-494F-A821-96DB98C0494A} = {5B265FB9-A90A-4179-A272-DB3DFA505162}
		{AE08F977-8041-459E-AD2A-E3A45625FACC} = {8886C9CA-5698-494F-A821-96DB98C0494A}
	EndGlobalSection
EndGlobal
