
Microsoft Visual Studio Solution File, Format Version 12.00
# Visual Studio 2013
VisualStudioVersion = 12.0.31101.0
MinimumVisualStudioVersion = 10.0.40219.1
Project("{FAE04EC0-301F-11D3-BF4B-00C04F79EFBC}") = "Bohrium.Network.DownloadManagement", "src\Bohrium.Network.DownloadManagement\Bohrium.Network.DownloadManagement.csproj", "{B43C95BE-275A-46B8-82F9-63030A40A37B}"
EndProject
Project("{2150E333-8FDC-42A3-9474-1A3956D46DE8}") = "Test", "Test", "{D7440806-244A-4421-94A5-5893987BE77C}"
EndProject
Project("{FAE04EC0-301F-11D3-BF4B-00C04F79EFBC}") = "Bohrium.Network.DownloadManagement.TestConsoleApp", "test\Bohrium.Network.DownloadManagement.TestConsoleApp\Bohrium.Network.DownloadManagement.TestConsoleApp.csproj", "{E78D5771-D91B-4B7E-8C0F-F3C01A4A07D5}"
EndProject
Global
	GlobalSection(SolutionConfigurationPlatforms) = preSolution
		Debug|Any CPU = Debug|Any CPU
		Release|Any CPU = Release|Any CPU
	EndGlobalSection
	GlobalSection(ProjectConfigurationPlatforms) = postSolution
		{B43C95BE-275A-46B8-82F9-63030A40A37B}.Debug|Any CPU.ActiveCfg = Debug|Any CPU
		{B43C95BE-275A-46B8-82F9-63030A40A37B}.Debug|Any CPU.Build.0 = Debug|Any CPU
		{B43C95BE-275A-46B8-82F9-63030A40A37B}.Release|Any CPU.ActiveCfg = Release|Any CPU
		{B43C95BE-275A-46B8-82F9-63030A40A37B}.Release|Any CPU.Build.0 = Release|Any CPU
		{E78D5771-D91B-4B7E-8C0F-F3C01A4A07D5}.Debug|Any CPU.ActiveCfg = Debug|Any CPU
		{E78D5771-D91B-4B7E-8C0F-F3C01A4A07D5}.Debug|Any CPU.Build.0 = Debug|Any CPU
		{E78D5771-D91B-4B7E-8C0F-F3C01A4A07D5}.Release|Any CPU.ActiveCfg = Release|Any CPU
		{E78D5771-D91B-4B7E-8C0F-F3C01A4A07D5}.Release|Any CPU.Build.0 = Release|Any CPU
	EndGlobalSection
	GlobalSection(SolutionProperties) = preSolution
		HideSolutionNode = FALSE
	EndGlobalSection
	GlobalSection(NestedProjects) = preSolution
		{E78D5771-D91B-4B7E-8C0F-F3C01A4A07D5} = {D7440806-244A-4421-94A5-5893987BE77C}
	EndGlobalSection
EndGlobal
