
Microsoft Visual Studio Solution File, Format Version 12.00
# Visual Studio 2012
Project("{FAE04EC0-301F-11D3-BF4B-00C04F79EFBC}") = "Ext.NHibernate.AutoMapper", "src\Ext.NHibernate.AutoMapper\Ext.NHibernate.AutoMapper.csproj", "{9FB2F29A-5433-48D9-A526-B3BAF4F6C714}"
EndProject
Project("{2150E333-8FDC-42A3-9474-1A3956D46DE8}") = ".msbuild", ".msbuild", "{BF85A90B-EF6F-421C-8DA4-5FC35539A0E2}"
	ProjectSection(SolutionItems) = preProject
		Bohrium.Ext.NHibernate.AutoMapper.msbuild = Bohrium.Ext.NHibernate.AutoMapper.msbuild
	EndProjectSection
EndProject
Project("{2150E333-8FDC-42A3-9474-1A3956D46DE8}") = ".nuspec", ".nuspec", "{CD35D866-52C6-4A1F-A5A2-444297419609}"
	ProjectSection(SolutionItems) = preProject
		Build\NuspecFiles\Bohrium.Ext.NHibernate.AutoMapper.nuspec = Build\NuspecFiles\Bohrium.Ext.NHibernate.AutoMapper.nuspec
	EndProjectSection
EndProject
Global
	GlobalSection(SolutionConfigurationPlatforms) = preSolution
		Debug|Any CPU = Debug|Any CPU
		Release|Any CPU = Release|Any CPU
	EndGlobalSection
	GlobalSection(ProjectConfigurationPlatforms) = postSolution
		{9FB2F29A-5433-48D9-A526-B3BAF4F6C714}.Debug|Any CPU.ActiveCfg = Debug|Any CPU
		{9FB2F29A-5433-48D9-A526-B3BAF4F6C714}.Debug|Any CPU.Build.0 = Debug|Any CPU
		{9FB2F29A-5433-48D9-A526-B3BAF4F6C714}.Release|Any CPU.ActiveCfg = Release|Any CPU
		{9FB2F29A-5433-48D9-A526-B3BAF4F6C714}.Release|Any CPU.Build.0 = Release|Any CPU
	EndGlobalSection
	GlobalSection(SolutionProperties) = preSolution
		HideSolutionNode = FALSE
	EndGlobalSection
EndGlobal
